// !$*UTF8*$!
{
	archiveVersion = 1;
	classes = {
	};
	objectVersion = 46;
	objects = {

/* Begin PBXBuildFile section */
		3F1CD6211B42E1E300AD1B65 /* StickerKeyboardCell.m in Sources */ = {isa = PBXBuildFile; fileRef = 3F1CD60E1B42E1E300AD1B65 /* StickerKeyboardCell.m */; };
		3F1CD6221B42E1E300AD1B65 /* StickerKeyboardCell.xib in Resources */ = {isa = PBXBuildFile; fileRef = 3F1CD60F1B42E1E300AD1B65 /* StickerKeyboardCell.xib */; };
		3F1CD6231B42E1E300AD1B65 /* StickerKeyboardDataSource.m in Sources */ = {isa = PBXBuildFile; fileRef = 3F1CD6111B42E1E300AD1B65 /* StickerKeyboardDataSource.m */; };
		3F1CD6241B42E1E300AD1B65 /* StickerKeyboardView.mm in Sources */ = {isa = PBXBuildFile; fileRef = 3F1CD6131B42E1E300AD1B65 /* StickerKeyboardView.mm */; };
		3F1CD6251B42E1E300AD1B65 /* StickerKeyboardView.xib in Resources */ = {isa = PBXBuildFile; fileRef = 3F1CD6141B42E1E300AD1B65 /* StickerKeyboardView.xib */; };
		3F1CD6261B42E1E300AD1B65 /* StickerPackageKeyboardCell.m in Sources */ = {isa = PBXBuildFile; fileRef = 3F1CD6161B42E1E300AD1B65 /* StickerPackageKeyboardCell.m */; };
		3F1CD6271B42E1E300AD1B65 /* StickerPackageKeyboardCell.xib in Resources */ = {isa = PBXBuildFile; fileRef = 3F1CD6171B42E1E300AD1B65 /* StickerPackageKeyboardCell.xib */; };
		3F1CD6281B42E1E300AD1B65 /* UIViewAdditions.mm in Sources */ = {isa = PBXBuildFile; fileRef = 3F1CD6191B42E1E300AD1B65 /* UIViewAdditions.mm */; };
		3F1CD6291B42E1E300AD1B65 /* StickerKeyboardModel.mm in Sources */ = {isa = PBXBuildFile; fileRef = 3F1CD61A1B42E1E300AD1B65 /* StickerKeyboardModel.mm */; };
		3F1CD62A1B42E1E300AD1B65 /* StickerRecentTabCell.m in Sources */ = {isa = PBXBuildFile; fileRef = 3F1CD61C1B42E1E300AD1B65 /* StickerRecentTabCell.m */; };
		3F1CD62D1B440B2B00AD1B65 /* StickerRecentTabCell.xib in Resources */ = {isa = PBXBuildFile; fileRef = 3F1CD62C1B440B2B00AD1B65 /* StickerRecentTabCell.xib */; };
		3F1CD6311B442C6800AD1B65 /* packageImage.png in Resources */ = {isa = PBXBuildFile; fileRef = 3F1CD62E1B442C6800AD1B65 /* packageImage.png */; };
		3F1CD6321B442C6800AD1B65 /* stickerImaegHalf.png in Resources */ = {isa = PBXBuildFile; fileRef = 3F1CD62F1B442C6800AD1B65 /* stickerImaegHalf.png */; };
		3F1CD6331B442C6800AD1B65 /* stickerImaegRegular.png in Resources */ = {isa = PBXBuildFile; fileRef = 3F1CD6301B442C6800AD1B65 /* stickerImaegRegular.png */; };
		3F1CD6361B442D7400AD1B65 /* SwipeView.m in Sources */ = {isa = PBXBuildFile; fileRef = 3F1CD6351B442D7400AD1B65 /* SwipeView.m */; };
		3F1CD63A1B4434FA00AD1B65 /* StickerSwipeView.m in Sources */ = {isa = PBXBuildFile; fileRef = 3F1CD6391B4434FA00AD1B65 /* StickerSwipeView.m */; };
		5063D6C11B3617F2005935D9 /* main.m in Sources */ = {isa = PBXBuildFile; fileRef = 5063D6C01B3617F2005935D9 /* main.m */; };
		5063D6C41B3617F2005935D9 /* AppDelegate.m in Sources */ = {isa = PBXBuildFile; fileRef = 5063D6C31B3617F2005935D9 /* AppDelegate.m */; };
		5063D6C71B3617F2005935D9 /* ViewController.m in Sources */ = {isa = PBXBuildFile; fileRef = 5063D6C61B3617F2005935D9 /* ViewController.m */; };
		5063D6CA1B3617F2005935D9 /* Main.storyboard in Resources */ = {isa = PBXBuildFile; fileRef = 5063D6C81B3617F2005935D9 /* Main.storyboard */; };
		5063D6CC1B3617F2005935D9 /* Images.xcassets in Resources */ = {isa = PBXBuildFile; fileRef = 5063D6CB1B3617F2005935D9 /* Images.xcassets */; };
		5063D6CF1B3617F2005935D9 /* LaunchScreen.xib in Resources */ = {isa = PBXBuildFile; fileRef = 5063D6CD1B3617F2005935D9 /* LaunchScreen.xib */; };
		5063D6DB1B3617F2005935D9 /* StickerKeyboardTestTests.m in Sources */ = {isa = PBXBuildFile; fileRef = 5063D6DA1B3617F2005935D9 /* StickerKeyboardTestTests.m */; };
/* End PBXBuildFile section */

/* Begin PBXContainerItemProxy section */
		5063D6D51B3617F2005935D9 /* PBXContainerItemProxy */ = {
			isa = PBXContainerItemProxy;
			containerPortal = 5063D6B31B3617F2005935D9 /* Project object */;
			proxyType = 1;
			remoteGlobalIDString = 5063D6BA1B3617F2005935D9;
			remoteInfo = StickerKeyboardTest;
		};
/* End PBXContainerItemProxy section */

/* Begin PBXFileReference section */
		3F1CD60D1B42E1E300AD1B65 /* StickerKeyboardCell.h */ = {isa = PBXFileReference; fileEncoding = 4; lastKnownFileType = sourcecode.c.h; path = StickerKeyboardCell.h; sourceTree = "<group>"; };
		3F1CD60E1B42E1E300AD1B65 /* StickerKeyboardCell.m */ = {isa = PBXFileReference; fileEncoding = 4; lastKnownFileType = sourcecode.c.objc; path = StickerKeyboardCell.m; sourceTree = "<group>"; };
		3F1CD60F1B42E1E300AD1B65 /* StickerKeyboardCell.xib */ = {isa = PBXFileReference; fileEncoding = 4; lastKnownFileType = file.xib; path = StickerKeyboardCell.xib; sourceTree = "<group>"; };
		3F1CD6101B42E1E300AD1B65 /* StickerKeyboardDataSource.h */ = {isa = PBXFileReference; fileEncoding = 4; lastKnownFileType = sourcecode.c.h; path = StickerKeyboardDataSource.h; sourceTree = "<group>"; };
		3F1CD6111B42E1E300AD1B65 /* StickerKeyboardDataSource.m */ = {isa = PBXFileReference; fileEncoding = 4; lastKnownFileType = sourcecode.c.objc; path = StickerKeyboardDataSource.m; sourceTree = "<group>"; };
		3F1CD6121B42E1E300AD1B65 /* StickerKeyboardView.h */ = {isa = PBXFileReference; fileEncoding = 4; lastKnownFileType = sourcecode.c.h; path = StickerKeyboardView.h; sourceTree = "<group>"; };
		3F1CD6131B42E1E300AD1B65 /* StickerKeyboardView.mm */ = {isa = PBXFileReference; fileEncoding = 4; lastKnownFileType = sourcecode.cpp.objcpp; path = StickerKeyboardView.mm; sourceTree = "<group>"; };
		3F1CD6141B42E1E300AD1B65 /* StickerKeyboardView.xib */ = {isa = PBXFileReference; fileEncoding = 4; lastKnownFileType = file.xib; path = StickerKeyboardView.xib; sourceTree = "<group>"; };
		3F1CD6151B42E1E300AD1B65 /* StickerPackageKeyboardCell.h */ = {isa = PBXFileReference; fileEncoding = 4; lastKnownFileType = sourcecode.c.h; path = StickerPackageKeyboardCell.h; sourceTree = "<group>"; };
		3F1CD6161B42E1E300AD1B65 /* StickerPackageKeyboardCell.m */ = {isa = PBXFileReference; fileEncoding = 4; lastKnownFileType = sourcecode.c.objc; path = StickerPackageKeyboardCell.m; sourceTree = "<group>"; };
		3F1CD6171B42E1E300AD1B65 /* StickerPackageKeyboardCell.xib */ = {isa = PBXFileReference; fileEncoding = 4; lastKnownFileType = file.xib; path = StickerPackageKeyboardCell.xib; sourceTree = "<group>"; };
		3F1CD6181B42E1E300AD1B65 /* UIViewAdditions.h */ = {isa = PBXFileReference; fileEncoding = 4; lastKnownFileType = sourcecode.c.h; path = UIViewAdditions.h; sourceTree = "<group>"; };
		3F1CD6191B42E1E300AD1B65 /* UIViewAdditions.mm */ = {isa = PBXFileReference; fileEncoding = 4; lastKnownFileType = sourcecode.cpp.objcpp; path = UIViewAdditions.mm; sourceTree = "<group>"; };
		3F1CD61A1B42E1E300AD1B65 /* StickerKeyboardModel.mm */ = {isa = PBXFileReference; fileEncoding = 4; lastKnownFileType = sourcecode.cpp.objcpp; path = StickerKeyboardModel.mm; sourceTree = "<group>"; };
		3F1CD61B1B42E1E300AD1B65 /* StickerRecentTabCell.h */ = {isa = PBXFileReference; fileEncoding = 4; lastKnownFileType = sourcecode.c.h; path = StickerRecentTabCell.h; sourceTree = "<group>"; };
		3F1CD61C1B42E1E300AD1B65 /* StickerRecentTabCell.m */ = {isa = PBXFileReference; fileEncoding = 4; lastKnownFileType = sourcecode.c.objc; path = StickerRecentTabCell.m; sourceTree = "<group>"; };
		3F1CD61D1B42E1E300AD1B65 /* StickerKeyboardModel.h */ = {isa = PBXFileReference; fileEncoding = 4; lastKnownFileType = sourcecode.c.h; path = StickerKeyboardModel.h; sourceTree = "<group>"; };
		3F1CD62C1B440B2B00AD1B65 /* StickerRecentTabCell.xib */ = {isa = PBXFileReference; fileEncoding = 4; lastKnownFileType = file.xib; path = StickerRecentTabCell.xib; sourceTree = "<group>"; };
		3F1CD62E1B442C6800AD1B65 /* packageImage.png */ = {isa = PBXFileReference; lastKnownFileType = image.png; path = packageImage.png; sourceTree = "<group>"; };
		3F1CD62F1B442C6800AD1B65 /* stickerImaegHalf.png */ = {isa = PBXFileReference; lastKnownFileType = image.png; path = stickerImaegHalf.png; sourceTree = "<group>"; };
		3F1CD6301B442C6800AD1B65 /* stickerImaegRegular.png */ = {isa = PBXFileReference; lastKnownFileType = image.png; path = stickerImaegRegular.png; sourceTree = "<group>"; };
		3F1CD6341B442D7400AD1B65 /* SwipeView.h */ = {isa = PBXFileReference; fileEncoding = 4; lastKnownFileType = sourcecode.c.h; path = SwipeView.h; sourceTree = "<group>"; };
		3F1CD6351B442D7400AD1B65 /* SwipeView.m */ = {isa = PBXFileReference; fileEncoding = 4; lastKnownFileType = sourcecode.c.objc; path = SwipeView.m; sourceTree = "<group>"; };
		3F1CD6381B4434FA00AD1B65 /* StickerSwipeView.h */ = {isa = PBXFileReference; fileEncoding = 4; lastKnownFileType = sourcecode.c.h; path = StickerSwipeView.h; sourceTree = "<group>"; };
		3F1CD6391B4434FA00AD1B65 /* StickerSwipeView.m */ = {isa = PBXFileReference; fileEncoding = 4; lastKnownFileType = sourcecode.c.objc; path = StickerSwipeView.m; sourceTree = "<group>"; };
		5063D6BB1B3617F2005935D9 /* StickerKeyboardTest.app */ = {isa = PBXFileReference; explicitFileType = wrapper.application; includeInIndex = 0; path = StickerKeyboardTest.app; sourceTree = BUILT_PRODUCTS_DIR; };
		5063D6BF1B3617F2005935D9 /* Info.plist */ = {isa = PBXFileReference; lastKnownFileType = text.plist.xml; path = Info.plist; sourceTree = "<group>"; };
		5063D6C01B3617F2005935D9 /* main.m */ = {isa = PBXFileReference; lastKnownFileType = sourcecode.c.objc; path = main.m; sourceTree = "<group>"; };
		5063D6C21B3617F2005935D9 /* AppDelegate.h */ = {isa = PBXFileReference; lastKnownFileType = sourcecode.c.h; path = AppDelegate.h; sourceTree = "<group>"; };
		5063D6C31B3617F2005935D9 /* AppDelegate.m */ = {isa = PBXFileReference; lastKnownFileType = sourcecode.c.objc; path = AppDelegate.m; sourceTree = "<group>"; };
		5063D6C51B3617F2005935D9 /* ViewController.h */ = {isa = PBXFileReference; lastKnownFileType = sourcecode.c.h; path = ViewController.h; sourceTree = "<group>"; };
		5063D6C61B3617F2005935D9 /* ViewController.m */ = {isa = PBXFileReference; lastKnownFileType = sourcecode.c.objc; path = ViewController.m; sourceTree = "<group>"; };
		5063D6C91B3617F2005935D9 /* Base */ = {isa = PBXFileReference; lastKnownFileType = file.storyboard; name = Base; path = Base.lproj/Main.storyboard; sourceTree = "<group>"; };
		5063D6CB1B3617F2005935D9 /* Images.xcassets */ = {isa = PBXFileReference; lastKnownFileType = folder.assetcatalog; path = Images.xcassets; sourceTree = "<group>"; };
		5063D6CE1B3617F2005935D9 /* Base */ = {isa = PBXFileReference; lastKnownFileType = file.xib; name = Base; path = Base.lproj/LaunchScreen.xib; sourceTree = "<group>"; };
		5063D6D41B3617F2005935D9 /* StickerKeyboardTestTests.xctest */ = {isa = PBXFileReference; explicitFileType = wrapper.cfbundle; includeInIndex = 0; path = StickerKeyboardTestTests.xctest; sourceTree = BUILT_PRODUCTS_DIR; };
		5063D6D91B3617F2005935D9 /* Info.plist */ = {isa = PBXFileReference; lastKnownFileType = text.plist.xml; path = Info.plist; sourceTree = "<group>"; };
		5063D6DA1B3617F2005935D9 /* StickerKeyboardTestTests.m */ = {isa = PBXFileReference; lastKnownFileType = sourcecode.c.objc; path = StickerKeyboardTestTests.m; sourceTree = "<group>"; };
/* End PBXFileReference section */

/* Begin PBXFrameworksBuildPhase section */
		5063D6B81B3617F2005935D9 /* Frameworks */ = {
			isa = PBXFrameworksBuildPhase;
			buildActionMask = 2147483647;
			files = (
			);
			runOnlyForDeploymentPostprocessing = 0;
		};
		5063D6D11B3617F2005935D9 /* Frameworks */ = {
			isa = PBXFrameworksBuildPhase;
			buildActionMask = 2147483647;
			files = (
			);
			runOnlyForDeploymentPostprocessing = 0;
		};
/* End PBXFrameworksBuildPhase section */

/* Begin PBXGroup section */
		3F1CD62B1B42E1FA00AD1B65 /* Stickers */ = {
			isa = PBXGroup;
			children = (
				3F1CD62E1B442C6800AD1B65 /* packageImage.png */,
				3F1CD62F1B442C6800AD1B65 /* stickerImaegHalf.png */,
				3F1CD6301B442C6800AD1B65 /* stickerImaegRegular.png */,
				3F1CD62C1B440B2B00AD1B65 /* StickerRecentTabCell.xib */,
				3F1CD60D1B42E1E300AD1B65 /* StickerKeyboardCell.h */,
				3F1CD60E1B42E1E300AD1B65 /* StickerKeyboardCell.m */,
				3F1CD60F1B42E1E300AD1B65 /* StickerKeyboardCell.xib */,
				3F1CD6101B42E1E300AD1B65 /* StickerKeyboardDataSource.h */,
				3F1CD6111B42E1E300AD1B65 /* StickerKeyboardDataSource.m */,
				3F1CD6121B42E1E300AD1B65 /* StickerKeyboardView.h */,
				3F1CD6131B42E1E300AD1B65 /* StickerKeyboardView.mm */,
				3F1CD6141B42E1E300AD1B65 /* StickerKeyboardView.xib */,
				3F1CD6151B42E1E300AD1B65 /* StickerPackageKeyboardCell.h */,
				3F1CD6161B42E1E300AD1B65 /* StickerPackageKeyboardCell.m */,
				3F1CD6171B42E1E300AD1B65 /* StickerPackageKeyboardCell.xib */,
				3F1CD6181B42E1E300AD1B65 /* UIViewAdditions.h */,
				3F1CD6191B42E1E300AD1B65 /* UIViewAdditions.mm */,
				3F1CD61A1B42E1E300AD1B65 /* StickerKeyboardModel.mm */,
				3F1CD61B1B42E1E300AD1B65 /* StickerRecentTabCell.h */,
				3F1CD61C1B42E1E300AD1B65 /* StickerRecentTabCell.m */,
				3F1CD61D1B42E1E300AD1B65 /* StickerKeyboardModel.h */,
				3F1CD6381B4434FA00AD1B65 /* StickerSwipeView.h */,
				3F1CD6391B4434FA00AD1B65 /* StickerSwipeView.m */,
			);
			name = Stickers;
			sourceTree = "<group>";
		};
		3F1CD6371B442D7900AD1B65 /*  SwipeView */ = {
			isa = PBXGroup;
			children = (
				3F1CD6341B442D7400AD1B65 /* SwipeView.h */,
				3F1CD6351B442D7400AD1B65 /* SwipeView.m */,
			);
			name = " SwipeView";
			sourceTree = "<group>";
		};
		5063D6B21B3617F2005935D9 = {
			isa = PBXGroup;
			children = (
				5063D6BD1B3617F2005935D9 /* StickerKeyboardTest */,
				5063D6D71B3617F2005935D9 /* StickerKeyboardTestTests */,
				5063D6BC1B3617F2005935D9 /* Products */,
			);
			sourceTree = "<group>";
		};
		5063D6BC1B3617F2005935D9 /* Products */ = {
			isa = PBXGroup;
			children = (
				5063D6BB1B3617F2005935D9 /* StickerKeyboardTest.app */,
				5063D6D41B3617F2005935D9 /* StickerKeyboardTestTests.xctest */,
			);
			name = Products;
			sourceTree = "<group>";
		};
		5063D6BD1B3617F2005935D9 /* StickerKeyboardTest */ = {
			isa = PBXGroup;
			children = (
				3F1CD6371B442D7900AD1B65 /*  SwipeView */,
				3F1CD62B1B42E1FA00AD1B65 /* Stickers */,
				5063D6C21B3617F2005935D9 /* AppDelegate.h */,
				5063D6C31B3617F2005935D9 /* AppDelegate.m */,
				5063D6C51B3617F2005935D9 /* ViewController.h */,
				5063D6C61B3617F2005935D9 /* ViewController.m */,
				5063D6C81B3617F2005935D9 /* Main.storyboard */,
				5063D6CB1B3617F2005935D9 /* Images.xcassets */,
				5063D6CD1B3617F2005935D9 /* LaunchScreen.xib */,
				5063D6BE1B3617F2005935D9 /* Supporting Files */,
			);
			path = StickerKeyboardTest;
			sourceTree = "<group>";
		};
		5063D6BE1B3617F2005935D9 /* Supporting Files */ = {
			isa = PBXGroup;
			children = (
				5063D6BF1B3617F2005935D9 /* Info.plist */,
				5063D6C01B3617F2005935D9 /* main.m */,
			);
			name = "Supporting Files";
			sourceTree = "<group>";
		};
		5063D6D71B3617F2005935D9 /* StickerKeyboardTestTests */ = {
			isa = PBXGroup;
			children = (
				5063D6DA1B3617F2005935D9 /* StickerKeyboardTestTests.m */,
				5063D6D81B3617F2005935D9 /* Supporting Files */,
			);
			path = StickerKeyboardTestTests;
			sourceTree = "<group>";
		};
		5063D6D81B3617F2005935D9 /* Supporting Files */ = {
			isa = PBXGroup;
			children = (
				5063D6D91B3617F2005935D9 /* Info.plist */,
			);
			name = "Supporting Files";
			sourceTree = "<group>";
		};
/* End PBXGroup section */

/* Begin PBXNativeTarget section */
		5063D6BA1B3617F2005935D9 /* StickerKeyboardTest */ = {
			isa = PBXNativeTarget;
			buildConfigurationList = 5063D6DE1B3617F2005935D9 /* Build configuration list for PBXNativeTarget "StickerKeyboardTest" */;
			buildPhases = (
				5063D6B71B3617F2005935D9 /* Sources */,
				5063D6B81B3617F2005935D9 /* Frameworks */,
				5063D6B91B3617F2005935D9 /* Resources */,
			);
			buildRules = (
			);
			dependencies = (
			);
			name = StickerKeyboardTest;
			productName = StickerKeyboardTest;
			productReference = 5063D6BB1B3617F2005935D9 /* StickerKeyboardTest.app */;
			productType = "com.apple.product-type.application";
		};
		5063D6D31B3617F2005935D9 /* StickerKeyboardTestTests */ = {
			isa = PBXNativeTarget;
			buildConfigurationList = 5063D6E11B3617F2005935D9 /* Build configuration list for PBXNativeTarget "StickerKeyboardTestTests" */;
			buildPhases = (
				5063D6D01B3617F2005935D9 /* Sources */,
				5063D6D11B3617F2005935D9 /* Frameworks */,
				5063D6D21B3617F2005935D9 /* Resources */,
			);
			buildRules = (
			);
			dependencies = (
				5063D6D61B3617F2005935D9 /* PBXTargetDependency */,
			);
			name = StickerKeyboardTestTests;
			productName = StickerKeyboardTestTests;
			productReference = 5063D6D41B3617F2005935D9 /* StickerKeyboardTestTests.xctest */;
			productType = "com.apple.product-type.bundle.unit-test";
		};
/* End PBXNativeTarget section */

/* Begin PBXProject section */
		5063D6B31B3617F2005935D9 /* Project object */ = {
			isa = PBXProject;
			attributes = {
				LastUpgradeCheck = 0630;
				ORGANIZATIONNAME = "Ostap Horbach";
				TargetAttributes = {
					5063D6BA1B3617F2005935D9 = {
						CreatedOnToolsVersion = 6.3.2;
					};
					5063D6D31B3617F2005935D9 = {
						CreatedOnToolsVersion = 6.3.2;
						TestTargetID = 5063D6BA1B3617F2005935D9;
					};
				};
			};
			buildConfigurationList = 5063D6B61B3617F2005935D9 /* Build configuration list for PBXProject "StickerKeyboardTest" */;
			compatibilityVersion = "Xcode 3.2";
			developmentRegion = English;
			hasScannedForEncodings = 0;
			knownRegions = (
				en,
				Base,
			);
			mainGroup = 5063D6B21B3617F2005935D9;
			productRefGroup = 5063D6BC1B3617F2005935D9 /* Products */;
			projectDirPath = "";
			projectRoot = "";
			targets = (
				5063D6BA1B3617F2005935D9 /* StickerKeyboardTest */,
				5063D6D31B3617F2005935D9 /* StickerKeyboardTestTests */,
			);
		};
/* End PBXProject section */

/* Begin PBXResourcesBuildPhase section */
		5063D6B91B3617F2005935D9 /* Resources */ = {
			isa = PBXResourcesBuildPhase;
			buildActionMask = 2147483647;
			files = (
				3F1CD6331B442C6800AD1B65 /* stickerImaegRegular.png in Resources */,
				5063D6CA1B3617F2005935D9 /* Main.storyboard in Resources */,
				3F1CD6251B42E1E300AD1B65 /* StickerKeyboardView.xib in Resources */,
				3F1CD6311B442C6800AD1B65 /* packageImage.png in Resources */,
				5063D6CF1B3617F2005935D9 /* LaunchScreen.xib in Resources */,
				3F1CD6221B42E1E300AD1B65 /* StickerKeyboardCell.xib in Resources */,
				5063D6CC1B3617F2005935D9 /* Images.xcassets in Resources */,
				3F1CD62D1B440B2B00AD1B65 /* StickerRecentTabCell.xib in Resources */,
				3F1CD6321B442C6800AD1B65 /* stickerImaegHalf.png in Resources */,
				3F1CD6271B42E1E300AD1B65 /* StickerPackageKeyboardCell.xib in Resources */,
			);
			runOnlyForDeploymentPostprocessing = 0;
		};
		5063D6D21B3617F2005935D9 /* Resources */ = {
			isa = PBXResourcesBuildPhase;
			buildActionMask = 2147483647;
			files = (
			);
			runOnlyForDeploymentPostprocessing = 0;
		};
/* End PBXResourcesBuildPhase section */

/* Begin PBXSourcesBuildPhase section */
		5063D6B71B3617F2005935D9 /* Sources */ = {
			isa = PBXSourcesBuildPhase;
			buildActionMask = 2147483647;
			files = (
				5063D6C71B3617F2005935D9 /* ViewController.m in Sources */,
				3F1CD6361B442D7400AD1B65 /* SwipeView.m in Sources */,
				3F1CD6261B42E1E300AD1B65 /* StickerPackageKeyboardCell.m in Sources */,
				3F1CD62A1B42E1E300AD1B65 /* StickerRecentTabCell.m in Sources */,
				3F1CD6281B42E1E300AD1B65 /* UIViewAdditions.mm in Sources */,
				3F1CD63A1B4434FA00AD1B65 /* StickerSwipeView.m in Sources */,
				3F1CD6241B42E1E300AD1B65 /* StickerKeyboardView.mm in Sources */,
				5063D6C41B3617F2005935D9 /* AppDelegate.m in Sources */,
				3F1CD6211B42E1E300AD1B65 /* StickerKeyboardCell.m in Sources */,
				5063D6C11B3617F2005935D9 /* main.m in Sources */,
				3F1CD6231B42E1E300AD1B65 /* StickerKeyboardDataSource.m in Sources */,
				3F1CD6291B42E1E300AD1B65 /* StickerKeyboardModel.mm in Sources */,
			);
			runOnlyForDeploymentPostprocessing = 0;
		};
		5063D6D01B3617F2005935D9 /* Sources */ = {
			isa = PBXSourcesBuildPhase;
			buildActionMask = 2147483647;
			files = (
				5063D6DB1B3617F2005935D9 /* StickerKeyboardTestTests.m in Sources */,
			);
			runOnlyForDeploymentPostprocessing = 0;
		};
/* End PBXSourcesBuildPhase section */

/* Begin PBXTargetDependency section */
		5063D6D61B3617F2005935D9 /* PBXTargetDependency */ = {
			isa = PBXTargetDependency;
			target = 5063D6BA1B3617F2005935D9 /* StickerKeyboardTest */;
			targetProxy = 5063D6D51B3617F2005935D9 /* PBXContainerItemProxy */;
		};
/* End PBXTargetDependency section */

/* Begin PBXVariantGroup section */
		5063D6C81B3617F2005935D9 /* Main.storyboard */ = {
			isa = PBXVariantGroup;
			children = (
				5063D6C91B3617F2005935D9 /* Base */,
			);
			name = Main.storyboard;
			sourceTree = "<group>";
		};
		5063D6CD1B3617F2005935D9 /* LaunchScreen.xib */ = {
			isa = PBXVariantGroup;
			children = (
				5063D6CE1B3617F2005935D9 /* Base */,
			);
			name = LaunchScreen.xib;
			sourceTree = "<group>";
		};
/* End PBXVariantGroup section */

/* Begin XCBuildConfiguration section */
		5063D6DC1B3617F2005935D9 /* Debug */ = {
			isa = XCBuildConfiguration;
			buildSettings = {
				ALWAYS_SEARCH_USER_PATHS = NO;
				CLANG_CXX_LANGUAGE_STANDARD = "gnu++0x";
				CLANG_CXX_LIBRARY = "libc++";
				CLANG_ENABLE_MODULES = YES;
				CLANG_ENABLE_OBJC_ARC = YES;
				CLANG_WARN_BOOL_CONVERSION = YES;
				CLANG_WARN_CONSTANT_CONVERSION = YES;
				CLANG_WARN_DIRECT_OBJC_ISA_USAGE = YES_ERROR;
				CLANG_WARN_EMPTY_BODY = YES;
				CLANG_WARN_ENUM_CONVERSION = YES;
				CLANG_WARN_INT_CONVERSION = YES;
				CLANG_WARN_OBJC_ROOT_CLASS = YES_ERROR;
				CLANG_WARN_UNREACHABLE_CODE = YES;
				CLANG_WARN__DUPLICATE_METHOD_MATCH = YES;
				"CODE_SIGN_IDENTITY[sdk=iphoneos*]" = "iPhone Developer";
				COPY_PHASE_STRIP = NO;
				DEBUG_INFORMATION_FORMAT = "dwarf-with-dsym";
				ENABLE_STRICT_OBJC_MSGSEND = YES;
				GCC_C_LANGUAGE_STANDARD = gnu99;
				GCC_DYNAMIC_NO_PIC = NO;
				GCC_NO_COMMON_BLOCKS = YES;
				GCC_OPTIMIZATION_LEVEL = 0;
				GCC_PREPROCESSOR_DEFINITIONS = (
					"DEBUG=1",
					"$(inherited)",
				);
				GCC_SYMBOLS_PRIVATE_EXTERN = NO;
				GCC_WARN_64_TO_32_BIT_CONVERSION = YES;
				GCC_WARN_ABOUT_RETURN_TYPE = YES_ERROR;
				GCC_WARN_UNDECLARED_SELECTOR = YES;
				GCC_WARN_UNINITIALIZED_AUTOS = YES_AGGRESSIVE;
				GCC_WARN_UNUSED_FUNCTION = YES;
				GCC_WARN_UNUSED_VARIABLE = YES;
				IPHONEOS_DEPLOYMENT_TARGET = 8.3;
				MTL_ENABLE_DEBUG_INFO = YES;
				ONLY_ACTIVE_ARCH = YES;
				SDKROOT = iphoneos;
			};
			name = Debug;
		};
		5063D6DD1B3617F2005935D9 /* Release */ = {
			isa = XCBuildConfiguration;
			buildSettings = {
				ALWAYS_SEARCH_USER_PATHS = NO;
				CLANG_CXX_LANGUAGE_STANDARD = "gnu++0x";
				CLANG_CXX_LIBRARY = "libc++";
				CLANG_ENABLE_MODULES = YES;
				CLANG_ENABLE_OBJC_ARC = YES;
				CLANG_WARN_BOOL_CONVERSION = YES;
				CLANG_WARN_CONSTANT_CONVERSION = YES;
				CLANG_WARN_DIRECT_OBJC_ISA_USAGE = YES_ERROR;
				CLANG_WARN_EMPTY_BODY = YES;
				CLANG_WARN_ENUM_CONVERSION = YES;
				CLANG_WARN_INT_CONVERSION = YES;
				CLANG_WARN_OBJC_ROOT_CLASS = YES_ERROR;
				CLANG_WARN_UNREACHABLE_CODE = YES;
				CLANG_WARN__DUPLICATE_METHOD_MATCH = YES;
				"CODE_SIGN_IDENTITY[sdk=iphoneos*]" = "iPhone Developer";
				COPY_PHASE_STRIP = NO;
				DEBUG_INFORMATION_FORMAT = "dwarf-with-dsym";
				ENABLE_NS_ASSERTIONS = NO;
				ENABLE_STRICT_OBJC_MSGSEND = YES;
				GCC_C_LANGUAGE_STANDARD = gnu99;
				GCC_NO_COMMON_BLOCKS = YES;
				GCC_WARN_64_TO_32_BIT_CONVERSION = YES;
				GCC_WARN_ABOUT_RETURN_TYPE = YES_ERROR;
				GCC_WARN_UNDECLARED_SELECTOR = YES;
				GCC_WARN_UNINITIALIZED_AUTOS = YES_AGGRESSIVE;
				GCC_WARN_UNUSED_FUNCTION = YES;
				GCC_WARN_UNUSED_VARIABLE = YES;
				IPHONEOS_DEPLOYMENT_TARGET = 8.3;
				MTL_ENABLE_DEBUG_INFO = NO;
				SDKROOT = iphoneos;
				VALIDATE_PRODUCT = YES;
			};
			name = Release;
		};
		5063D6DF1B3617F2005935D9 /* Debug */ = {
			isa = XCBuildConfiguration;
			buildSettings = {
				ASSETCATALOG_COMPILER_APPICON_NAME = AppIcon;
				INFOPLIST_FILE = StickerKeyboardTest/Info.plist;
				LD_RUNPATH_SEARCH_PATHS = "$(inherited) @executable_path/Frameworks";
				PRODUCT_NAME = "$(TARGET_NAME)";
			};
			name = Debug;
		};
		5063D6E01B3617F2005935D9 /* Release */ = {
			isa = XCBuildConfiguration;
			buildSettings = {
				ASSETCATALOG_COMPILER_APPICON_NAME = AppIcon;
				INFOPLIST_FILE = StickerKeyboardTest/Info.plist;
				LD_RUNPATH_SEARCH_PATHS = "$(inherited) @executable_path/Frameworks";
				PRODUCT_NAME = "$(TARGET_NAME)";
			};
			name = Release;
		};
		5063D6E21B3617F2005935D9 /* Debug */ = {
			isa = XCBuildConfiguration;
			buildSettings = {
				BUNDLE_LOADER = "$(TEST_HOST)";
				FRAMEWORK_SEARCH_PATHS = (
					"$(SDKROOT)/Developer/Library/Frameworks",
					"$(inherited)",
				);
				GCC_PREPROCESSOR_DEFINITIONS = (
					"DEBUG=1",
					"$(inherited)",
				);
				INFOPLIST_FILE = StickerKeyboardTestTests/Info.plist;
				LD_RUNPATH_SEARCH_PATHS = "$(inherited) @executable_path/Frameworks @loader_path/Frameworks";
				PRODUCT_NAME = "$(TARGET_NAME)";
				TEST_HOST = "$(BUILT_PRODUCTS_DIR)/StickerKeyboardTest.app/StickerKeyboardTest";
			};
			name = Debug;
		};
		5063D6E31B3617F2005935D9 /* Release */ = {
			isa = XCBuildConfiguration;
			buildSettings = {
				BUNDLE_LOADER = "$(TEST_HOST)";
				FRAMEWORK_SEARCH_PATHS = (
					"$(SDKROOT)/Developer/Library/Frameworks",
					"$(inherited)",
				);
				INFOPLIST_FILE = StickerKeyboardTestTests/Info.plist;
				LD_RUNPATH_SEARCH_PATHS = "$(inherited) @executable_path/Frameworks @loader_path/Frameworks";
				PRODUCT_NAME = "$(TARGET_NAME)";
				TEST_HOST = "$(BUILT_PRODUCTS_DIR)/StickerKeyboardTest.app/StickerKeyboardTest";
			};
			name = Release;
		};
/* End XCBuildConfiguration section */

/* Begin XCConfigurationList section */
		5063D6B61B3617F2005935D9 /* Build configuration list for PBXProject "StickerKeyboardTest" */ = {
			isa = XCConfigurationList;
			buildConfigurations = (
				5063D6DC1B3617F2005935D9 /* Debug */,
				5063D6DD1B3617F2005935D9 /* Release */,
			);
			defaultConfigurationIsVisible = 0;
			defaultConfigurationName = Release;
		};
		5063D6DE1B3617F2005935D9 /* Build configuration list for PBXNativeTarget "StickerKeyboardTest" */ = {
			isa = XCConfigurationList;
			buildConfigurations = (
				5063D6DF1B3617F2005935D9 /* Debug */,
				5063D6E01B3617F2005935D9 /* Release */,
			);
			defaultConfigurationIsVisible = 0;
			defaultConfigurationName = Release;
		};
		5063D6E11B3617F2005935D9 /* Build configuration list for PBXNativeTarget "StickerKeyboardTestTests" */ = {
			isa = XCConfigurationList;
			buildConfigurations = (
				5063D6E21B3617F2005935D9 /* Debug */,
				5063D6E31B3617F2005935D9 /* Release */,
			);
			defaultConfigurationIsVisible = 0;
			defaultConfigurationName = Release;
		};
/* End XCConfigurationList section */
	};
	rootObject = 5063D6B31B3617F2005935D9 /* Project object */;
}
